Microsoft Visual Studio Solution File, Format Version 12.00
# Visual Studio 15
VisualStudioVersion = 15.0.27130.2027
MinimumVisualStudioVersion = 15.0.26124.0
Project("{9A19103F-16F7-4668-BE54-9A1E7A4F7556}") = "Math", "Math\Math.csproj", "{E5DB5FDC-11A9-4DEB-A150-20F894F4B849}"
EndProject
Project("{9A19103F-16F7-4668-BE54-9A1E7A4F7556}") = "Math.Tests", "Math.Tests\Math.Tests.csproj", "{996E0249-3420-498C-9827-F063D1439914}"
EndProject
Global
	GlobalSection(SolutionConfigurationPlatforms) = preSolution
		Debug|Any CPU = Debug|Any CPU
		Debug|x64 = Debug|x64
		Debug|x86 = Debug|x86
		Release|Any CPU = Release|Any CPU
		Release|x64 = Release|x64
		Release|x86 = Release|x86
	EndGlobalSection
	GlobalSection(ProjectConfigurationPlatforms) = postSolution
		{E5DB5FDC-11A9-4DEB-A150-20F894F4B849}.Debug|Any CPU.ActiveCfg = Debug|Any CPU
		{E5DB5FDC-11A9-4DEB-A150-20F894F4B849}.Debug|Any CPU.Build.0 = Debug|Any CPU
		{E5DB5FDC-11A9-4DEB-A150-20F894F4B849}.Debug|x64.ActiveCfg = Debug|Any CPU
		{E5DB5FDC-11A9-4DEB-A150-20F894F4B849}.Debug|x64.Build.0 = Debug|Any CPU
		{E5DB5FDC-11A9-4DEB-A150-20F894F4B849}.Debug|x86.ActiveCfg = Debug|Any CPU
		{E5DB5FDC-11A9-4DEB-A150-20F894F4B849}.Debug|x86.Build.0 = Debug|Any CPU
		{E5DB5FDC-11A9-4DEB-A150-20F894F4B849}.Release|Any CPU.ActiveCfg = Release|Any CPU
		{E5DB5FDC-11A9-4DEB-A150-20F894F4B849}.Release|Any CPU.Build.0 = Release|Any CPU
		{E5DB5FDC-11A9-4DEB-A150-20F894F4B849}.Release|x64.ActiveCfg = Release|Any CPU
		{E5DB5FDC-11A9-4DEB-A150-20F894F4B849}.Release|x64.Build.0 = Release|Any CPU
		{E5DB5FDC-11A9-4DEB-A150-20F894F4B849}.Release|x86.ActiveCfg = Release|Any CPU
		{E5DB5FDC-11A9-4DEB-A150-20F894F4B849}.Release|x86.Build.0 = Release|Any CPU
		{996E0249-3420-498C-9827-F063D1439914}.Debug|Any CPU.ActiveCfg = Debug|Any CPU
		{996E0249-3420-498C-9827-F063D1439914}.Debug|Any CPU.Build.0 = Debug|Any CPU
		{996E0249-3420-498C-9827-F063D1439914}.Debug|x64.ActiveCfg = Debug|Any CPU
		{996E0249-3420-498C-9827-F063D1439914}.Debug|x64.Build.0 = Debug|Any CPU
		{996E0249-3420-498C-9827-F063D1439914}.Debug|x86.ActiveCfg = Debug|Any CPU
		{996E0249-3420-498C-9827-F063D1439914}.Debug|x86.Build.0 = Debug|Any CPU
		{996E0249-3420-498C-9827-F063D1439914}.Release|Any CPU.ActiveCfg = Release|Any CPU
		{996E0249-3420-498C-9827-F063D1439914}.Release|Any CPU.Build.0 = Release|Any CPU
		{996E0249-3420-498C-9827-F063D1439914}.Release|x64.ActiveCfg = Release|Any CPU
		{996E0249-3420-498C-9827-F063D1439914}.Release|x64.Build.0 = Release|Any CPU
		{996E0249-3420-498C-9827-F063D1439914}.Release|x86.ActiveCfg = Release|Any CPU
		{996E0249-3420-498C-9827-F063D1439914}.Release|x86.Build.0 = Release|Any CPU
	EndGlobalSection
	GlobalSection(SolutionProperties) = preSolution
		HideSolutionNode = FALSE
	EndGlobalSection
	GlobalSection(ExtensibilityGlobals) = postSolution
		SolutionGuid = {8C55565A-0151-4C82-94AD-5B1949375E3D}
	EndGlobalSection
EndGlobal
